
Microsoft Visual Studio Solution File, Format Version 12.00
# Visual Studio Version 16
VisualStudioVersion = 16.0.31624.102
MinimumVisualStudioVersion = 10.0.40219.1
Project("{FAE04EC0-301F-11D3-BF4B-00C04F79EFBC}") = "EcommerceWebApp", "EcommerceWebApp\EcommerceWebApp.csproj", "{2665B1A7-806B-4740-9F7A-E7F180176102}"
EndProject
Global
	GlobalSection(SolutionConfigurationPlatforms) = preSolution
		Debug|Any CPU = Debug|Any CPU
		Release|Any CPU = Release|Any CPU
	EndGlobalSection
	GlobalSection(ProjectConfigurationPlatforms) = postSolution
		{2665B1A7-806B-4740-9F7A-E7F180176102}.Debug|Any CPU.ActiveCfg = Debug|Any CPU
		{2665B1A7-806B-4740-9F7A-E7F180176102}.Debug|Any CPU.Build.0 = Debug|Any CPU
		{2665B1A7-806B-4740-9F7A-E7F180176102}.Release|Any CPU.ActiveCfg = Release|Any CPU
		{2665B1A7-806B-4740-9F7A-E7F180176102}.Release|Any CPU.Build.0 = Release|Any CPU
	EndGlobalSection
	GlobalSection(SolutionProperties) = preSolution
		HideSolutionNode = FALSE
	EndGlobalSection
	GlobalSection(ExtensibilityGlobals) = postSolution
		SolutionGuid = {5DB852DE-6E74-4EEF-B018-0AC83F15452E}
	EndGlobalSection
EndGlobal
